
Microsoft Visual Studio Solution File, Format Version 12.00
# Visual Studio Version 17
VisualStudioVersion = 17.7.34202.233
MinimumVisualStudioVersion = 10.0.40219.1
Project("{9A19103F-16F7-4668-BE54-9A1E7A4F7556}") = "Ryo.Reloaded", "Ryo.Reloaded\Ryo.Reloaded.csproj", "{6AE64F47-E4B4-408F-8DF1-DE4C80CE2486}"
EndProject
Project("{9A19103F-16F7-4668-BE54-9A1E7A4F7556}") = "Project.Utils", "submodules\Project.Utils\Project.Utils.csproj", "{08A81324-DE2F-41A0-B51A-1BE1B4066AE1}"
EndProject
Project("{9A19103F-16F7-4668-BE54-9A1E7A4F7556}") = "Ryo.Interfaces", "Ryo.Interfaces\Ryo.Interfaces.csproj", "{99E83A1E-4252-423A-A501-A05AFE2201A7}"
EndProject
Project("{9A19103F-16F7-4668-BE54-9A1E7A4F7556}") = "SharedScans.Interfaces", "submodules\SharedScans\SharedScans.Interfaces\SharedScans.Interfaces.csproj", "{BD62CA0D-7557-413D-8ACB-330B3C69A979}"
EndProject
Global
	GlobalSection(SolutionConfigurationPlatforms) = preSolution
		Debug|Any CPU = Debug|Any CPU
		Release|Any CPU = Release|Any CPU
	EndGlobalSection
	GlobalSection(ProjectConfigurationPlatforms) = postSolution
		{6AE64F47-E4B4-408F-8DF1-DE4C80CE2486}.Debug|Any CPU.ActiveCfg = Debug|Any CPU
		{6AE64F47-E4B4-408F-8DF1-DE4C80CE2486}.Debug|Any CPU.Build.0 = Debug|Any CPU
		{6AE64F47-E4B4-408F-8DF1-DE4C80CE2486}.Release|Any CPU.ActiveCfg = Release|Any CPU
		{6AE64F47-E4B4-408F-8DF1-DE4C80CE2486}.Release|Any CPU.Build.0 = Release|Any CPU
		{08A81324-DE2F-41A0-B51A-1BE1B4066AE1}.Debug|Any CPU.ActiveCfg = Debug|Any CPU
		{08A81324-DE2F-41A0-B51A-1BE1B4066AE1}.Debug|Any CPU.Build.0 = Debug|Any CPU
		{08A81324-DE2F-41A0-B51A-1BE1B4066AE1}.Release|Any CPU.ActiveCfg = Release|Any CPU
		{08A81324-DE2F-41A0-B51A-1BE1B4066AE1}.Release|Any CPU.Build.0 = Release|Any CPU
		{99E83A1E-4252-423A-A501-A05AFE2201A7}.Debug|Any CPU.ActiveCfg = Debug|Any CPU
		{99E83A1E-4252-423A-A501-A05AFE2201A7}.Debug|Any CPU.Build.0 = Debug|Any CPU
		{99E83A1E-4252-423A-A501-A05AFE2201A7}.Release|Any CPU.ActiveCfg = Release|Any CPU
		{99E83A1E-4252-423A-A501-A05AFE2201A7}.Release|Any CPU.Build.0 = Release|Any CPU
		{BD62CA0D-7557-413D-8ACB-330B3C69A979}.Debug|Any CPU.ActiveCfg = Debug|Any CPU
		{BD62CA0D-7557-413D-8ACB-330B3C69A979}.Debug|Any CPU.Build.0 = Debug|Any CPU
		{BD62CA0D-7557-413D-8ACB-330B3C69A979}.Release|Any CPU.ActiveCfg = Release|Any CPU
		{BD62CA0D-7557-413D-8ACB-330B3C69A979}.Release|Any CPU.Build.0 = Release|Any CPU
	EndGlobalSection
	GlobalSection(SolutionProperties) = preSolution
		HideSolutionNode = FALSE
	EndGlobalSection
	GlobalSection(ExtensibilityGlobals) = postSolution
		SolutionGuid = {E91CAA9A-88CE-4D2E-83E7-9D49A5FC5816}
	EndGlobalSection
EndGlobal
